
Microsoft Visual Studio Solution File, Format Version 12.00
Project("{FAE04EC0-301F-11D3-BF4B-00C04F79EFBC}") = "ProjectAPI", "ProjectAPI\ProjectAPI.csproj", "{4B1C06D6-F978-4CC0-AD0B-D45435D2B031}"
EndProject
Project("{FAE04EC0-301F-11D3-BF4B-00C04F79EFBC}") = "ProjectAPITests", "ProjectAPITests\ProjectAPITests.csproj", "{7580C980-6054-4D09-B5DD-D695FE1A03BB}"
EndProject
Project("{FAE04EC0-301F-11D3-BF4B-00C04F79EFBC}") = "Core.Data", "Core.Data\Core.Data.csproj", "{1F0B175B-F4FD-4673-9916-B9C0CE02CF07}"
EndProject
Project("{FAE04EC0-301F-11D3-BF4B-00C04F79EFBC}") = "ProjectAPI.Interfaces", "ProjectAPI.Interfaces\ProjectAPI.Interfaces.csproj", "{2C803062-96A4-4624-BF7D-561E4ADC6E6D}"
EndProject
Global
	GlobalSection(SolutionConfigurationPlatforms) = preSolution
		Debug|Any CPU = Debug|Any CPU
		Release|Any CPU = Release|Any CPU
	EndGlobalSection
	GlobalSection(ProjectConfigurationPlatforms) = postSolution
		{4B1C06D6-F978-4CC0-AD0B-D45435D2B031}.Debug|Any CPU.ActiveCfg = Debug|Any CPU
		{4B1C06D6-F978-4CC0-AD0B-D45435D2B031}.Debug|Any CPU.Build.0 = Debug|Any CPU
		{4B1C06D6-F978-4CC0-AD0B-D45435D2B031}.Release|Any CPU.ActiveCfg = Release|Any CPU
		{4B1C06D6-F978-4CC0-AD0B-D45435D2B031}.Release|Any CPU.Build.0 = Release|Any CPU
		{7580C980-6054-4D09-B5DD-D695FE1A03BB}.Debug|Any CPU.ActiveCfg = Debug|Any CPU
		{7580C980-6054-4D09-B5DD-D695FE1A03BB}.Debug|Any CPU.Build.0 = Debug|Any CPU
		{7580C980-6054-4D09-B5DD-D695FE1A03BB}.Release|Any CPU.ActiveCfg = Release|Any CPU
		{7580C980-6054-4D09-B5DD-D695FE1A03BB}.Release|Any CPU.Build.0 = Release|Any CPU
		{1F0B175B-F4FD-4673-9916-B9C0CE02CF07}.Debug|Any CPU.ActiveCfg = Debug|Any CPU
		{1F0B175B-F4FD-4673-9916-B9C0CE02CF07}.Debug|Any CPU.Build.0 = Debug|Any CPU
		{1F0B175B-F4FD-4673-9916-B9C0CE02CF07}.Release|Any CPU.ActiveCfg = Release|Any CPU
		{1F0B175B-F4FD-4673-9916-B9C0CE02CF07}.Release|Any CPU.Build.0 = Release|Any CPU
		{2C803062-96A4-4624-BF7D-561E4ADC6E6D}.Debug|Any CPU.ActiveCfg = Debug|Any CPU
		{2C803062-96A4-4624-BF7D-561E4ADC6E6D}.Debug|Any CPU.Build.0 = Debug|Any CPU
		{2C803062-96A4-4624-BF7D-561E4ADC6E6D}.Release|Any CPU.ActiveCfg = Release|Any CPU
		{2C803062-96A4-4624-BF7D-561E4ADC6E6D}.Release|Any CPU.Build.0 = Release|Any CPU
	EndGlobalSection
EndGlobal
